
Microsoft Visual Studio Solution File, Format Version 12.00
# Visual Studio Version 16
VisualStudioVersion = 16.0.32602.291
MinimumVisualStudioVersion = 10.0.40219.1
Project("{FAE04EC0-301F-11D3-BF4B-00C04F79EFBC}") = "ClassTask", "ClassTask\ClassTask.csproj", "{AFB4207B-C4A9-44BD-B9D5-C87260014FC4}"
EndProject
Global
	GlobalSection(SolutionConfigurationPlatforms) = preSolution
		Debug|Any CPU = Debug|Any CPU
		Release|Any CPU = Release|Any CPU
	EndGlobalSection
	GlobalSection(ProjectConfigurationPlatforms) = postSolution
		{AFB4207B-C4A9-44BD-B9D5-C87260014FC4}.Debug|Any CPU.ActiveCfg = Debug|Any CPU
		{AFB4207B-C4A9-44BD-B9D5-C87260014FC4}.Debug|Any CPU.Build.0 = Debug|Any CPU
		{AFB4207B-C4A9-44BD-B9D5-C87260014FC4}.Release|Any CPU.ActiveCfg = Release|Any CPU
		{AFB4207B-C4A9-44BD-B9D5-C87260014FC4}.Release|Any CPU.Build.0 = Release|Any CPU
	EndGlobalSection
	GlobalSection(SolutionProperties) = preSolution
		HideSolutionNode = FALSE
	EndGlobalSection
	GlobalSection(ExtensibilityGlobals) = postSolution
		SolutionGuid = {A9148F3B-91A8-47C7-A046-7B5A6F7D6875}
	EndGlobalSection
EndGlobal
